PODS:
  - Kingfisher (4.10.1)
  - ReachabilitySwift (5.0.0)

DEPENDENCIES:
  - Kingfisher
  - ReachabilitySwift

SPEC REPOS:
  trunk:
    - Kingfisher
    - ReachabilitySwift

SPEC CHECKSUMS:
  Kingfisher: c148cd7b47ebde9989f6bc7c27dcaa79d81279a0
  ReachabilitySwift: 985039c6f7b23a1da463388634119492ff86c825

PODFILE CHECKSUM: fcc49a5b456cd6131074229527918f30200f5074

COCOAPODS: 1.11.3
